# Production runtime wheel lock. Install with --no-deps so every wheel is explicit.
click==8.5.0
flatbuffers==25.12.19
numpy==2.3.5
onnxruntime==1.29.0
opencv-python-headless==4.14.0.94
packaging==26.3
Pillow==12.3.0
platformdirs==4.11.4
protobuf==7.36.0
scenedetect-headless==0.7.1
sentencepiece==0.2.1
tqdm==4.70.0
